
Microsoft Visual Studio Solution File, Format Version 12.00
# Visual Studio Version 17
VisualStudioVersion = 17.11.35327.3
MinimumVisualStudioVersion = 10.0.40219.1
Project("{FAE04EC0-301F-11D3-BF4B-00C04F79EFBC}") = "PetCareApplication", "PetCareApplication.csproj", "{78A0C262-D931-4908-9F82-BAB221D6C6B6}"
EndProject
Project("{FAE04EC0-301F-11D3-BF4B-00C04F79EFBC}") = "PetCareApplication.Domain", "..\PetCareApplication.Domain\PetCareApplication.Domain.csproj", "{BECAF743-2391-47C4-B34E-E3A4A99A0F87}"
EndProject
Project("{FAE04EC0-301F-11D3-BF4B-00C04F79EFBC}") = "PetCareApplication.Infrastructure", "..\PetCareApplication.Infrastructure\PetCareApplication.Infrastructure.csproj", "{BC6D7226-38A7-488C-8BDC-7C49E8A7712E}"
EndProject
Project("{FAE04EC0-301F-11D3-BF4B-00C04F79EFBC}") = "PetCareApplication.Application", "..\PetCareApplication.Application\PetCareApplication.Application.csproj", "{FEA56F33-DCB1-4E73-A6B5-C7FBD0B09F47}"
EndProject
Project("{FAE04EC0-301F-11D3-BF4B-00C04F79EFBC}") = "PetCareApplication.Presentation", "..\PetCareApplication.Presentation\PetCareApplication.Presentation.csproj", "{2F9B1AE1-7B51-4D77-8113-1967904E1F56}"
EndProject
Global
	GlobalSection(SolutionConfigurationPlatforms) = preSolution
		Debug|Any CPU = Debug|Any CPU
		Release|Any CPU = Release|Any CPU
	EndGlobalSection
	GlobalSection(ProjectConfigurationPlatforms) = postSolution
		{78A0C262-D931-4908-9F82-BAB221D6C6B6}.Debug|Any CPU.ActiveCfg = Debug|Any CPU
		{78A0C262-D931-4908-9F82-BAB221D6C6B6}.Debug|Any CPU.Build.0 = Debug|Any CPU
		{78A0C262-D931-4908-9F82-BAB221D6C6B6}.Release|Any CPU.ActiveCfg = Release|Any CPU
		{78A0C262-D931-4908-9F82-BAB221D6C6B6}.Release|Any CPU.Build.0 = Release|Any CPU
		{BECAF743-2391-47C4-B34E-E3A4A99A0F87}.Debug|Any CPU.ActiveCfg = Debug|Any CPU
		{BECAF743-2391-47C4-B34E-E3A4A99A0F87}.Debug|Any CPU.Build.0 = Debug|Any CPU
		{BECAF743-2391-47C4-B34E-E3A4A99A0F87}.Release|Any CPU.ActiveCfg = Release|Any CPU
		{BECAF743-2391-47C4-B34E-E3A4A99A0F87}.Release|Any CPU.Build.0 = Release|Any CPU
		{BC6D7226-38A7-488C-8BDC-7C49E8A7712E}.Debug|Any CPU.ActiveCfg = Debug|Any CPU
		{BC6D7226-38A7-488C-8BDC-7C49E8A7712E}.Debug|Any CPU.Build.0 = Debug|Any CPU
		{BC6D7226-38A7-488C-8BDC-7C49E8A7712E}.Release|Any CPU.ActiveCfg = Release|Any CPU
		{BC6D7226-38A7-488C-8BDC-7C49E8A7712E}.Release|Any CPU.Build.0 = Release|Any CPU
		{FEA56F33-DCB1-4E73-A6B5-C7FBD0B09F47}.Debug|Any CPU.ActiveCfg = Debug|Any CPU
		{FEA56F33-DCB1-4E73-A6B5-C7FBD0B09F47}.Debug|Any CPU.Build.0 = Debug|Any CPU
		{FEA56F33-DCB1-4E73-A6B5-C7FBD0B09F47}.Release|Any CPU.ActiveCfg = Release|Any CPU
		{FEA56F33-DCB1-4E73-A6B5-C7FBD0B09F47}.Release|Any CPU.Build.0 = Release|Any CPU
		{2F9B1AE1-7B51-4D77-8113-1967904E1F56}.Debug|Any CPU.ActiveCfg = Debug|Any CPU
		{2F9B1AE1-7B51-4D77-8113-1967904E1F56}.Debug|Any CPU.Build.0 = Debug|Any CPU
		{2F9B1AE1-7B51-4D77-8113-1967904E1F56}.Release|Any CPU.ActiveCfg = Release|Any CPU
		{2F9B1AE1-7B51-4D77-8113-1967904E1F56}.Release|Any CPU.Build.0 = Release|Any CPU
	EndGlobalSection
	GlobalSection(SolutionProperties) = preSolution
		HideSolutionNode = FALSE
	EndGlobalSection
	GlobalSection(ExtensibilityGlobals) = postSolution
		SolutionGuid = {6250FCB3-B30A-4499-8F31-34EF3D6D9847}
	EndGlobalSection
EndGlobal
